
Microsoft Visual Studio Solution File, Format Version 12.00
# Visual Studio Version 17
VisualStudioVersion = 17.0.31903.59
MinimumVisualStudioVersion = 10.0.40219.1
Project("{2150E333-8FDC-42A3-9474-1A3956D46DE8}") = "Aspire", "Aspire", "{64880D93-BAB4-FF83-898C-B934B68C31A9}"
EndProject
Project("{FAE04EC0-301F-11D3-BF4B-00C04F79EFBC}") = "AppHost", "Aspire\AppHost\AppHost.csproj", "{E9CD7F41-9091-42C5-B2CB-9D704A212CC6}"
EndProject
Project("{FAE04EC0-301F-11D3-BF4B-00C04F79EFBC}") = "ServiceDefaults", "Aspire\ServiceDefaults\ServiceDefaults.csproj", "{31997CE5-B28D-4BAA-AA09-54AA44A964F1}"
EndProject
Project("{2150E333-8FDC-42A3-9474-1A3956D46DE8}") = "Backend", "Backend", "{1AE8ACA6-933B-BF2A-3671-3E2EAC007D16}"
EndProject
Project("{FAE04EC0-301F-11D3-BF4B-00C04F79EFBC}") = "Domain", "Backend\Domain\Domain.csproj", "{B4CAD136-D6CE-4694-8F8E-4FC59991FB54}"
EndProject
Project("{FAE04EC0-301F-11D3-BF4B-00C04F79EFBC}") = "Application", "Backend\Application\Application.csproj", "{63AD9301-94E2-489A-AB8A-367BC5C713EE}"
EndProject
Project("{FAE04EC0-301F-11D3-BF4B-00C04F79EFBC}") = "Infrastructure", "Backend\Infrastructure\Infrastructure.csproj", "{99086345-9F1B-4B01-92CA-EC5D1FFC21CE}"
EndProject
Project("{FAE04EC0-301F-11D3-BF4B-00C04F79EFBC}") = "ProductsApi", "Backend\ProductsApi\ProductsApi.csproj", "{58614847-AFAE-4AC3-9B8F-E0AD944923E0}"
EndProject
Project("{FAE04EC0-301F-11D3-BF4B-00C04F79EFBC}") = "Tests", "Backend\Tests\Tests.csproj", "{2E8DEC67-9633-4FAB-B50D-D0FD4979C10A}"
EndProject
Project("{2150E333-8FDC-42A3-9474-1A3956D46DE8}") = "Solution Items", "Solution Items", "{8EC462FD-D22E-90A8-E5CE-7E832BA40C5D}"
	ProjectSection(SolutionItems) = preProject
		README.md = README.md
	EndProjectSection
EndProject
Project("{FAE04EC0-301F-11D3-BF4B-00C04F79EFBC}") = "MigrationService", "Backend\MigrationService\MigrationService.csproj", "{C0802D0B-DD9A-4AD7-8DFF-36B860D8AC24}"
EndProject
Project("{2150E333-8FDC-42A3-9474-1A3956D46DE8}") = "Frontend", "Frontend", "{02EA681E-C7D8-13C7-8484-4AC65E1B71E8}"
EndProject
Project("{54A90642-561A-4BB1-A94E-469ADEE60C69}") = "ProductsUiAngular", "Frontend\ProductsUiAngular\ProductsUiAngular.esproj", "{57E1735D-758C-9785-EA91-800F46E4CE49}"
EndProject
Project("{FAE04EC0-301F-11D3-BF4B-00C04F79EFBC}") = "ProductsUiBlazor", "Frontend\ProductsUiBlazor\ProductsUiBlazor\ProductsUiBlazor.csproj", "{37481B1A-92EF-9916-E110-A1C1C108493C}"
EndProject
Project("{FAE04EC0-301F-11D3-BF4B-00C04F79EFBC}") = "ProductsUiBlazor.Client", "Frontend\ProductsUiBlazor\ProductsUiBlazor.Client\ProductsUiBlazor.Client.csproj", "{3072F90C-E787-6ADE-3C91-9692C0BD962B}"
EndProject
Project("{FAE04EC0-301F-11D3-BF4B-00C04F79EFBC}") = "ProductsUiBlazor.Data", "Frontend\ProductsUiBlazor\ProductsUiBlazor.Data\ProductsUiBlazor.Data.csproj", "{38139FD8-ACFA-42E9-BE9A-50F69B83231B}"
EndProject
Project("{FAE04EC0-301F-11D3-BF4B-00C04F79EFBC}") = "ProductsApi.Client", "Backend\ProductsApi.Client\ProductsApi.Client.csproj", "{F2549E9B-F2D0-4A74-AB00-8308CEFB2E95}"
EndProject
Project("{2150E333-8FDC-42A3-9474-1A3956D46DE8}") = "ApiGateway", "ApiGateway", "{1F32F14A-EFF5-4566-9394-8CD6D74F8758}"
EndProject
Project("{FAE04EC0-301F-11D3-BF4B-00C04F79EFBC}") = "YarpProxy", "ApiGateway\YarpProxy\YarpProxy.csproj", "{CEA0D226-38D3-3B0F-2F9D-71DA12772DCA}"
EndProject
Project("{FAE04EC0-301F-11D3-BF4B-00C04F79EFBC}") = "Licenses", "Licenses\Licenses.csproj", "{4741BC6C-1E8B-4B86-8323-6CEA21039BC7}"
EndProject
Global
	GlobalSection(SolutionConfigurationPlatforms) = preSolution
		Debug|Any CPU = Debug|Any CPU
		Debug|x64 = Debug|x64
		Debug|x86 = Debug|x86
		Release|Any CPU = Release|Any CPU
		Release|x64 = Release|x64
		Release|x86 = Release|x86
	EndGlobalSection
	GlobalSection(ProjectConfigurationPlatforms) = postSolution
		{E9CD7F41-9091-42C5-B2CB-9D704A212CC6}.Debug|Any CPU.ActiveCfg = Debug|Any CPU
		{E9CD7F41-9091-42C5-B2CB-9D704A212CC6}.Debug|Any CPU.Build.0 = Debug|Any CPU
		{E9CD7F41-9091-42C5-B2CB-9D704A212CC6}.Debug|x64.ActiveCfg = Debug|Any CPU
		{E9CD7F41-9091-42C5-B2CB-9D704A212CC6}.Debug|x64.Build.0 = Debug|Any CPU
		{E9CD7F41-9091-42C5-B2CB-9D704A212CC6}.Debug|x86.ActiveCfg = Debug|Any CPU
		{E9CD7F41-9091-42C5-B2CB-9D704A212CC6}.Debug|x86.Build.0 = Debug|Any CPU
		{E9CD7F41-9091-42C5-B2CB-9D704A212CC6}.Release|Any CPU.ActiveCfg = Release|Any CPU
		{E9CD7F41-9091-42C5-B2CB-9D704A212CC6}.Release|Any CPU.Build.0 = Release|Any CPU
		{E9CD7F41-9091-42C5-B2CB-9D704A212CC6}.Release|x64.ActiveCfg = Release|Any CPU
		{E9CD7F41-9091-42C5-B2CB-9D704A212CC6}.Release|x64.Build.0 = Release|Any CPU
		{E9CD7F41-9091-42C5-B2CB-9D704A212CC6}.Release|x86.ActiveCfg = Release|Any CPU
		{E9CD7F41-9091-42C5-B2CB-9D704A212CC6}.Release|x86.Build.0 = Release|Any CPU
		{31997CE5-B28D-4BAA-AA09-54AA44A964F1}.Debug|Any CPU.ActiveCfg = Debug|Any CPU
		{31997CE5-B28D-4BAA-AA09-54AA44A964F1}.Debug|Any CPU.Build.0 = Debug|Any CPU
		{31997CE5-B28D-4BAA-AA09-54AA44A964F1}.Debug|x64.ActiveCfg = Debug|Any CPU
		{31997CE5-B28D-4BAA-AA09-54AA44A964F1}.Debug|x64.Build.0 = Debug|Any CPU
		{31997CE5-B28D-4BAA-AA09-54AA44A964F1}.Debug|x86.ActiveCfg = Debug|Any CPU
		{31997CE5-B28D-4BAA-AA09-54AA44A964F1}.Debug|x86.Build.0 = Debug|Any CPU
		{31997CE5-B28D-4BAA-AA09-54AA44A964F1}.Release|Any CPU.ActiveCfg = Release|Any CPU
		{31997CE5-B28D-4BAA-AA09-54AA44A964F1}.Release|Any CPU.Build.0 = Release|Any CPU
		{31997CE5-B28D-4BAA-AA09-54AA44A964F1}.Release|x64.ActiveCfg = Release|Any CPU
		{31997CE5-B28D-4BAA-AA09-54AA44A964F1}.Release|x64.Build.0 = Release|Any CPU
		{31997CE5-B28D-4BAA-AA09-54AA44A964F1}.Release|x86.ActiveCfg = Release|Any CPU
		{31997CE5-B28D-4BAA-AA09-54AA44A964F1}.Release|x86.Build.0 = Release|Any CPU
		{B4CAD136-D6CE-4694-8F8E-4FC59991FB54}.Debug|Any CPU.ActiveCfg = Debug|Any CPU
		{B4CAD136-D6CE-4694-8F8E-4FC59991FB54}.Debug|Any CPU.Build.0 = Debug|Any CPU
		{B4CAD136-D6CE-4694-8F8E-4FC59991FB54}.Debug|x64.ActiveCfg = Debug|Any CPU
		{B4CAD136-D6CE-4694-8F8E-4FC59991FB54}.Debug|x64.Build.0 = Debug|Any CPU
		{B4CAD136-D6CE-4694-8F8E-4FC59991FB54}.Debug|x86.ActiveCfg = Debug|Any CPU
		{B4CAD136-D6CE-4694-8F8E-4FC59991FB54}.Debug|x86.Build.0 = Debug|Any CPU
		{B4CAD136-D6CE-4694-8F8E-4FC59991FB54}.Release|Any CPU.ActiveCfg = Release|Any CPU
		{B4CAD136-D6CE-4694-8F8E-4FC59991FB54}.Release|Any CPU.Build.0 = Release|Any CPU
		{B4CAD136-D6CE-4694-8F8E-4FC59991FB54}.Release|x64.ActiveCfg = Release|Any CPU
		{B4CAD136-D6CE-4694-8F8E-4FC59991FB54}.Release|x64.Build.0 = Release|Any CPU
		{B4CAD136-D6CE-4694-8F8E-4FC59991FB54}.Release|x86.ActiveCfg = Release|Any CPU
		{B4CAD136-D6CE-4694-8F8E-4FC59991FB54}.Release|x86.Build.0 = Release|Any CPU
		{63AD9301-94E2-489A-AB8A-367BC5C713EE}.Debug|Any CPU.ActiveCfg = Debug|Any CPU
		{63AD9301-94E2-489A-AB8A-367BC5C713EE}.Debug|Any CPU.Build.0 = Debug|Any CPU
		{63AD9301-94E2-489A-AB8A-367BC5C713EE}.Debug|x64.ActiveCfg = Debug|Any CPU
		{63AD9301-94E2-489A-AB8A-367BC5C713EE}.Debug|x64.Build.0 = Debug|Any CPU
		{63AD9301-94E2-489A-AB8A-367BC5C713EE}.Debug|x86.ActiveCfg = Debug|Any CPU
		{63AD9301-94E2-489A-AB8A-367BC5C713EE}.Debug|x86.Build.0 = Debug|Any CPU
		{63AD9301-94E2-489A-AB8A-367BC5C713EE}.Release|Any CPU.ActiveCfg = Release|Any CPU
		{63AD9301-94E2-489A-AB8A-367BC5C713EE}.Release|Any CPU.Build.0 = Release|Any CPU
		{63AD9301-94E2-489A-AB8A-367BC5C713EE}.Release|x64.ActiveCfg = Release|Any CPU
		{63AD9301-94E2-489A-AB8A-367BC5C713EE}.Release|x64.Build.0 = Release|Any CPU
		{63AD9301-94E2-489A-AB8A-367BC5C713EE}.Release|x86.ActiveCfg = Release|Any CPU
		{63AD9301-94E2-489A-AB8A-367BC5C713EE}.Release|x86.Build.0 = Release|Any CPU
		{99086345-9F1B-4B01-92CA-EC5D1FFC21CE}.Debug|Any CPU.ActiveCfg = Debug|Any CPU
		{99086345-9F1B-4B01-92CA-EC5D1FFC21CE}.Debug|Any CPU.Build.0 = Debug|Any CPU
		{99086345-9F1B-4B01-92CA-EC5D1FFC21CE}.Debug|x64.ActiveCfg = Debug|Any CPU
		{99086345-9F1B-4B01-92CA-EC5D1FFC21CE}.Debug|x64.Build.0 = Debug|Any CPU
		{99086345-9F1B-4B01-92CA-EC5D1FFC21CE}.Debug|x86.ActiveCfg = Debug|Any CPU
		{99086345-9F1B-4B01-92CA-EC5D1FFC21CE}.Debug|x86.Build.0 = Debug|Any CPU
		{99086345-9F1B-4B01-92CA-EC5D1FFC21CE}.Release|Any CPU.ActiveCfg = Release|Any CPU
		{99086345-9F1B-4B01-92CA-EC5D1FFC21CE}.Release|Any CPU.Build.0 = Release|Any CPU
		{99086345-9F1B-4B01-92CA-EC5D1FFC21CE}.Release|x64.ActiveCfg = Release|Any CPU
		{99086345-9F1B-4B01-92CA-EC5D1FFC21CE}.Release|x64.Build.0 = Release|Any CPU
		{99086345-9F1B-4B01-92CA-EC5D1FFC21CE}.Release|x86.ActiveCfg = Release|Any CPU
		{99086345-9F1B-4B01-92CA-EC5D1FFC21CE}.Release|x86.Build.0 = Release|Any CPU
		{58614847-AFAE-4AC3-9B8F-E0AD944923E0}.Debug|Any CPU.ActiveCfg = Debug|Any CPU
		{58614847-AFAE-4AC3-9B8F-E0AD944923E0}.Debug|Any CPU.Build.0 = Debug|Any CPU
		{58614847-AFAE-4AC3-9B8F-E0AD944923E0}.Debug|x64.ActiveCfg = Debug|Any CPU
		{58614847-AFAE-4AC3-9B8F-E0AD944923E0}.Debug|x64.Build.0 = Debug|Any CPU
		{58614847-AFAE-4AC3-9B8F-E0AD944923E0}.Debug|x86.ActiveCfg = Debug|Any CPU
		{58614847-AFAE-4AC3-9B8F-E0AD944923E0}.Debug|x86.Build.0 = Debug|Any CPU
		{58614847-AFAE-4AC3-9B8F-E0AD944923E0}.Release|Any CPU.ActiveCfg = Release|Any CPU
		{58614847-AFAE-4AC3-9B8F-E0AD944923E0}.Release|Any CPU.Build.0 = Release|Any CPU
		{58614847-AFAE-4AC3-9B8F-E0AD944923E0}.Release|x64.ActiveCfg = Release|Any CPU
		{58614847-AFAE-4AC3-9B8F-E0AD944923E0}.Release|x64.Build.0 = Release|Any CPU
		{58614847-AFAE-4AC3-9B8F-E0AD944923E0}.Release|x86.ActiveCfg = Release|Any CPU
		{58614847-AFAE-4AC3-9B8F-E0AD944923E0}.Release|x86.Build.0 = Release|Any CPU
		{2E8DEC67-9633-4FAB-B50D-D0FD4979C10A}.Debug|Any CPU.ActiveCfg = Debug|Any CPU
		{2E8DEC67-9633-4FAB-B50D-D0FD4979C10A}.Debug|Any CPU.Build.0 = Debug|Any CPU
		{2E8DEC67-9633-4FAB-B50D-D0FD4979C10A}.Debug|x64.ActiveCfg = Debug|Any CPU
		{2E8DEC67-9633-4FAB-B50D-D0FD4979C10A}.Debug|x64.Build.0 = Debug|Any CPU
		{2E8DEC67-9633-4FAB-B50D-D0FD4979C10A}.Debug|x86.ActiveCfg = Debug|Any CPU
		{2E8DEC67-9633-4FAB-B50D-D0FD4979C10A}.Debug|x86.Build.0 = Debug|Any CPU
		{2E8DEC67-9633-4FAB-B50D-D0FD4979C10A}.Release|Any CPU.ActiveCfg = Release|Any CPU
		{2E8DEC67-9633-4FAB-B50D-D0FD4979C10A}.Release|Any CPU.Build.0 = Release|Any CPU
		{2E8DEC67-9633-4FAB-B50D-D0FD4979C10A}.Release|x64.ActiveCfg = Release|Any CPU
		{2E8DEC67-9633-4FAB-B50D-D0FD4979C10A}.Release|x64.Build.0 = Release|Any CPU
		{2E8DEC67-9633-4FAB-B50D-D0FD4979C10A}.Release|x86.ActiveCfg = Release|Any CPU
		{2E8DEC67-9633-4FAB-B50D-D0FD4979C10A}.Release|x86.Build.0 = Release|Any CPU
		{C0802D0B-DD9A-4AD7-8DFF-36B860D8AC24}.Debug|Any CPU.ActiveCfg = Debug|Any CPU
		{C0802D0B-DD9A-4AD7-8DFF-36B860D8AC24}.Debug|Any CPU.Build.0 = Debug|Any CPU
		{C0802D0B-DD9A-4AD7-8DFF-36B860D8AC24}.Debug|x64.ActiveCfg = Debug|Any CPU
		{C0802D0B-DD9A-4AD7-8DFF-36B860D8AC24}.Debug|x64.Build.0 = Debug|Any CPU
		{C0802D0B-DD9A-4AD7-8DFF-36B860D8AC24}.Debug|x86.ActiveCfg = Debug|Any CPU
		{C0802D0B-DD9A-4AD7-8DFF-36B860D8AC24}.Debug|x86.Build.0 = Debug|Any CPU
		{C0802D0B-DD9A-4AD7-8DFF-36B860D8AC24}.Release|Any CPU.ActiveCfg = Release|Any CPU
		{C0802D0B-DD9A-4AD7-8DFF-36B860D8AC24}.Release|Any CPU.Build.0 = Release|Any CPU
		{C0802D0B-DD9A-4AD7-8DFF-36B860D8AC24}.Release|x64.ActiveCfg = Release|Any CPU
		{C0802D0B-DD9A-4AD7-8DFF-36B860D8AC24}.Release|x64.Build.0 = Release|Any CPU
		{C0802D0B-DD9A-4AD7-8DFF-36B860D8AC24}.Release|x86.ActiveCfg = Release|Any CPU
		{C0802D0B-DD9A-4AD7-8DFF-36B860D8AC24}.Release|x86.Build.0 = Release|Any CPU
		{57E1735D-758C-9785-EA91-800F46E4CE49}.Debug|Any CPU.ActiveCfg = Debug|Any CPU
		{57E1735D-758C-9785-EA91-800F46E4CE49}.Debug|Any CPU.Build.0 = Debug|Any CPU
		{57E1735D-758C-9785-EA91-800F46E4CE49}.Debug|Any CPU.Deploy.0 = Debug|Any CPU
		{57E1735D-758C-9785-EA91-800F46E4CE49}.Debug|x64.ActiveCfg = Debug|Any CPU
		{57E1735D-758C-9785-EA91-800F46E4CE49}.Debug|x64.Build.0 = Debug|Any CPU
		{57E1735D-758C-9785-EA91-800F46E4CE49}.Debug|x64.Deploy.0 = Debug|Any CPU
		{57E1735D-758C-9785-EA91-800F46E4CE49}.Debug|x86.ActiveCfg = Debug|Any CPU
		{57E1735D-758C-9785-EA91-800F46E4CE49}.Debug|x86.Build.0 = Debug|Any CPU
		{57E1735D-758C-9785-EA91-800F46E4CE49}.Debug|x86.Deploy.0 = Debug|Any CPU
		{57E1735D-758C-9785-EA91-800F46E4CE49}.Release|Any CPU.ActiveCfg = Release|Any CPU
		{57E1735D-758C-9785-EA91-800F46E4CE49}.Release|Any CPU.Build.0 = Release|Any CPU
		{57E1735D-758C-9785-EA91-800F46E4CE49}.Release|Any CPU.Deploy.0 = Release|Any CPU
		{57E1735D-758C-9785-EA91-800F46E4CE49}.Release|x64.ActiveCfg = Release|Any CPU
		{57E1735D-758C-9785-EA91-800F46E4CE49}.Release|x64.Build.0 = Release|Any CPU
		{57E1735D-758C-9785-EA91-800F46E4CE49}.Release|x64.Deploy.0 = Release|Any CPU
		{57E1735D-758C-9785-EA91-800F46E4CE49}.Release|x86.ActiveCfg = Release|Any CPU
		{57E1735D-758C-9785-EA91-800F46E4CE49}.Release|x86.Build.0 = Release|Any CPU
		{57E1735D-758C-9785-EA91-800F46E4CE49}.Release|x86.Deploy.0 = Release|Any CPU
		{37481B1A-92EF-9916-E110-A1C1C108493C}.Debug|Any CPU.ActiveCfg = Debug|Any CPU
		{37481B1A-92EF-9916-E110-A1C1C108493C}.Debug|Any CPU.Build.0 = Debug|Any CPU
		{37481B1A-92EF-9916-E110-A1C1C108493C}.Debug|x64.ActiveCfg = Debug|Any CPU
		{37481B1A-92EF-9916-E110-A1C1C108493C}.Debug|x64.Build.0 = Debug|Any CPU
		{37481B1A-92EF-9916-E110-A1C1C108493C}.Debug|x86.ActiveCfg = Debug|Any CPU
		{37481B1A-92EF-9916-E110-A1C1C108493C}.Debug|x86.Build.0 = Debug|Any CPU
		{37481B1A-92EF-9916-E110-A1C1C108493C}.Release|Any CPU.ActiveCfg = Release|Any CPU
		{37481B1A-92EF-9916-E110-A1C1C108493C}.Release|Any CPU.Build.0 = Release|Any CPU
		{37481B1A-92EF-9916-E110-A1C1C108493C}.Release|x64.ActiveCfg = Release|Any CPU
		{37481B1A-92EF-9916-E110-A1C1C108493C}.Release|x64.Build.0 = Release|Any CPU
		{37481B1A-92EF-9916-E110-A1C1C108493C}.Release|x86.ActiveCfg = Release|Any CPU
		{37481B1A-92EF-9916-E110-A1C1C108493C}.Release|x86.Build.0 = Release|Any CPU
		{3072F90C-E787-6ADE-3C91-9692C0BD962B}.Debug|Any CPU.ActiveCfg = Debug|Any CPU
		{3072F90C-E787-6ADE-3C91-9692C0BD962B}.Debug|Any CPU.Build.0 = Debug|Any CPU
		{3072F90C-E787-6ADE-3C91-9692C0BD962B}.Debug|x64.ActiveCfg = Debug|Any CPU
		{3072F90C-E787-6ADE-3C91-9692C0BD962B}.Debug|x64.Build.0 = Debug|Any CPU
		{3072F90C-E787-6ADE-3C91-9692C0BD962B}.Debug|x86.ActiveCfg = Debug|Any CPU
		{3072F90C-E787-6ADE-3C91-9692C0BD962B}.Debug|x86.Build.0 = Debug|Any CPU
		{3072F90C-E787-6ADE-3C91-9692C0BD962B}.Release|Any CPU.ActiveCfg = Release|Any CPU
		{3072F90C-E787-6ADE-3C91-9692C0BD962B}.Release|Any CPU.Build.0 = Release|Any CPU
		{3072F90C-E787-6ADE-3C91-9692C0BD962B}.Release|x64.ActiveCfg = Release|Any CPU
		{3072F90C-E787-6ADE-3C91-9692C0BD962B}.Release|x64.Build.0 = Release|Any CPU
		{3072F90C-E787-6ADE-3C91-9692C0BD962B}.Release|x86.ActiveCfg = Release|Any CPU
		{3072F90C-E787-6ADE-3C91-9692C0BD962B}.Release|x86.Build.0 = Release|Any CPU
		{38139FD8-ACFA-42E9-BE9A-50F69B83231B}.Debug|Any CPU.ActiveCfg = Debug|Any CPU
		{38139FD8-ACFA-42E9-BE9A-50F69B83231B}.Debug|Any CPU.Build.0 = Debug|Any CPU
		{38139FD8-ACFA-42E9-BE9A-50F69B83231B}.Debug|x64.ActiveCfg = Debug|Any CPU
		{38139FD8-ACFA-42E9-BE9A-50F69B83231B}.Debug|x64.Build.0 = Debug|Any CPU
		{38139FD8-ACFA-42E9-BE9A-50F69B83231B}.Debug|x86.ActiveCfg = Debug|Any CPU
		{38139FD8-ACFA-42E9-BE9A-50F69B83231B}.Debug|x86.Build.0 = Debug|Any CPU
		{38139FD8-ACFA-42E9-BE9A-50F69B83231B}.Release|Any CPU.ActiveCfg = Release|Any CPU
		{38139FD8-ACFA-42E9-BE9A-50F69B83231B}.Release|Any CPU.Build.0 = Release|Any CPU
		{38139FD8-ACFA-42E9-BE9A-50F69B83231B}.Release|x64.ActiveCfg = Release|Any CPU
		{38139FD8-ACFA-42E9-BE9A-50F69B83231B}.Release|x64.Build.0 = Release|Any CPU
		{38139FD8-ACFA-42E9-BE9A-50F69B83231B}.Release|x86.ActiveCfg = Release|Any CPU
		{38139FD8-ACFA-42E9-BE9A-50F69B83231B}.Release|x86.Build.0 = Release|Any CPU
		{F2549E9B-F2D0-4A74-AB00-8308CEFB2E95}.Debug|Any CPU.ActiveCfg = Debug|Any CPU
		{F2549E9B-F2D0-4A74-AB00-8308CEFB2E95}.Debug|Any CPU.Build.0 = Debug|Any CPU
		{F2549E9B-F2D0-4A74-AB00-8308CEFB2E95}.Debug|x64.ActiveCfg = Debug|Any CPU
		{F2549E9B-F2D0-4A74-AB00-8308CEFB2E95}.Debug|x64.Build.0 = Debug|Any CPU
		{F2549E9B-F2D0-4A74-AB00-8308CEFB2E95}.Debug|x86.ActiveCfg = Debug|Any CPU
		{F2549E9B-F2D0-4A74-AB00-8308CEFB2E95}.Debug|x86.Build.0 = Debug|Any CPU
		{F2549E9B-F2D0-4A74-AB00-8308CEFB2E95}.Release|Any CPU.ActiveCfg = Release|Any CPU
		{F2549E9B-F2D0-4A74-AB00-8308CEFB2E95}.Release|Any CPU.Build.0 = Release|Any CPU
		{F2549E9B-F2D0-4A74-AB00-8308CEFB2E95}.Release|x64.ActiveCfg = Release|Any CPU
		{F2549E9B-F2D0-4A74-AB00-8308CEFB2E95}.Release|x64.Build.0 = Release|Any CPU
		{F2549E9B-F2D0-4A74-AB00-8308CEFB2E95}.Release|x86.ActiveCfg = Release|Any CPU
		{F2549E9B-F2D0-4A74-AB00-8308CEFB2E95}.Release|x86.Build.0 = Release|Any CPU
		{CEA0D226-38D3-3B0F-2F9D-71DA12772DCA}.Debug|Any CPU.ActiveCfg = Debug|Any CPU
		{CEA0D226-38D3-3B0F-2F9D-71DA12772DCA}.Debug|Any CPU.Build.0 = Debug|Any CPU
		{CEA0D226-38D3-3B0F-2F9D-71DA12772DCA}.Debug|x64.ActiveCfg = Debug|Any CPU
		{CEA0D226-38D3-3B0F-2F9D-71DA12772DCA}.Debug|x64.Build.0 = Debug|Any CPU
		{CEA0D226-38D3-3B0F-2F9D-71DA12772DCA}.Debug|x86.ActiveCfg = Debug|Any CPU
		{CEA0D226-38D3-3B0F-2F9D-71DA12772DCA}.Debug|x86.Build.0 = Debug|Any CPU
		{CEA0D226-38D3-3B0F-2F9D-71DA12772DCA}.Release|Any CPU.ActiveCfg = Release|Any CPU
		{CEA0D226-38D3-3B0F-2F9D-71DA12772DCA}.Release|Any CPU.Build.0 = Release|Any CPU
		{CEA0D226-38D3-3B0F-2F9D-71DA12772DCA}.Release|x64.ActiveCfg = Release|Any CPU
		{CEA0D226-38D3-3B0F-2F9D-71DA12772DCA}.Release|x64.Build.0 = Release|Any CPU
		{CEA0D226-38D3-3B0F-2F9D-71DA12772DCA}.Release|x86.ActiveCfg = Release|Any CPU
		{CEA0D226-38D3-3B0F-2F9D-71DA12772DCA}.Release|x86.Build.0 = Release|Any CPU
		{4741BC6C-1E8B-4B86-8323-6CEA21039BC7}.Debug|Any CPU.ActiveCfg = Debug|Any CPU
		{4741BC6C-1E8B-4B86-8323-6CEA21039BC7}.Debug|Any CPU.Build.0 = Debug|Any CPU
		{4741BC6C-1E8B-4B86-8323-6CEA21039BC7}.Debug|x64.ActiveCfg = Debug|Any CPU
		{4741BC6C-1E8B-4B86-8323-6CEA21039BC7}.Debug|x64.Build.0 = Debug|Any CPU
		{4741BC6C-1E8B-4B86-8323-6CEA21039BC7}.Debug|x86.ActiveCfg = Debug|Any CPU
		{4741BC6C-1E8B-4B86-8323-6CEA21039BC7}.Debug|x86.Build.0 = Debug|Any CPU
		{4741BC6C-1E8B-4B86-8323-6CEA21039BC7}.Release|Any CPU.ActiveCfg = Release|Any CPU
		{4741BC6C-1E8B-4B86-8323-6CEA21039BC7}.Release|Any CPU.Build.0 = Release|Any CPU
		{4741BC6C-1E8B-4B86-8323-6CEA21039BC7}.Release|x64.ActiveCfg = Release|Any CPU
		{4741BC6C-1E8B-4B86-8323-6CEA21039BC7}.Release|x64.Build.0 = Release|Any CPU
		{4741BC6C-1E8B-4B86-8323-6CEA21039BC7}.Release|x86.ActiveCfg = Release|Any CPU
		{4741BC6C-1E8B-4B86-8323-6CEA21039BC7}.Release|x86.Build.0 = Release|Any CPU
	EndGlobalSection
	GlobalSection(SolutionProperties) = preSolution
		HideSolutionNode = FALSE
	EndGlobalSection
	GlobalSection(NestedProjects) = preSolution
		{E9CD7F41-9091-42C5-B2CB-9D704A212CC6} = {64880D93-BAB4-FF83-898C-B934B68C31A9}
		{31997CE5-B28D-4BAA-AA09-54AA44A964F1} = {64880D93-BAB4-FF83-898C-B934B68C31A9}
		{B4CAD136-D6CE-4694-8F8E-4FC59991FB54} = {1AE8ACA6-933B-BF2A-3671-3E2EAC007D16}
		{63AD9301-94E2-489A-AB8A-367BC5C713EE} = {1AE8ACA6-933B-BF2A-3671-3E2EAC007D16}
		{99086345-9F1B-4B01-92CA-EC5D1FFC21CE} = {1AE8ACA6-933B-BF2A-3671-3E2EAC007D16}
		{58614847-AFAE-4AC3-9B8F-E0AD944923E0} = {1AE8ACA6-933B-BF2A-3671-3E2EAC007D16}
		{2E8DEC67-9633-4FAB-B50D-D0FD4979C10A} = {1AE8ACA6-933B-BF2A-3671-3E2EAC007D16}
		{C0802D0B-DD9A-4AD7-8DFF-36B860D8AC24} = {1AE8ACA6-933B-BF2A-3671-3E2EAC007D16}
		{57E1735D-758C-9785-EA91-800F46E4CE49} = {02EA681E-C7D8-13C7-8484-4AC65E1B71E8}
		{37481B1A-92EF-9916-E110-A1C1C108493C} = {02EA681E-C7D8-13C7-8484-4AC65E1B71E8}
		{3072F90C-E787-6ADE-3C91-9692C0BD962B} = {02EA681E-C7D8-13C7-8484-4AC65E1B71E8}
		{38139FD8-ACFA-42E9-BE9A-50F69B83231B} = {02EA681E-C7D8-13C7-8484-4AC65E1B71E8}
		{F2549E9B-F2D0-4A74-AB00-8308CEFB2E95} = {1AE8ACA6-933B-BF2A-3671-3E2EAC007D16}
		{CEA0D226-38D3-3B0F-2F9D-71DA12772DCA} = {1F32F14A-EFF5-4566-9394-8CD6D74F8758}
	EndGlobalSection
	GlobalSection(ExtensibilityGlobals) = postSolution
		SolutionGuid = {439F355B-D93C-4A0E-A654-1D7DFD6E3ACE}
	EndGlobalSection
EndGlobal
